// !$*UTF8*$!
{
	archiveVersion = 1;
	classes = {
	};
	objectVersion = 46;
	objects = {

/* Begin PBXBuildFile section */
		16A817E01FBC077600CE67B7 /* AppDelegate.swift in Sources */ = {isa = PBXBuildFile; fileRef = 16A817DF1FBC077600CE67B7 /* AppDelegate.swift */; };
		16A817E21FBC077600CE67B7 /* ViewController.swift in Sources */ = {isa = PBXBuildFile; fileRef = 16A817E11FBC077600CE67B7 /* ViewController.swift */; };
		16A817E51FBC077600CE67B7 /* Main.storyboard in Resources */ = {isa = PBXBuildFile; fileRef = 16A817E31FBC077600CE67B7 /* Main.storyboard */; };
		16A817E71FBC077600CE67B7 /* Assets.xcassets in Resources */ = {isa = PBXBuildFile; fileRef = 16A817E61FBC077600CE67B7 /* Assets.xcassets */; };
		16A817EA1FBC077600CE67B7 /* LaunchScreen.storyboard in Resources */ = {isa = PBXBuildFile; fileRef = 16A817E81FBC077600CE67B7 /* LaunchScreen.storyboard */; };
/* End PBXBuildFile section */

/* Begin PBXFileReference section */
		16A817DC1FBC077600CE67B7 /* PanAnimationDemo.app */ = {isa = PBXFileReference; explicitFileType = wrapper.application; includeInIndex = 0; path = PanAnimationDemo.app; sourceTree = BUILT_PRODUCTS_DIR; };
		16A817DF1FBC077600CE67B7 /* AppDelegate.swift */ = {isa = PBXFileReference; lastKnownFileType = sourcecode.swift; path = AppDelegate.swift; sourceTree = "<group>"; };
		16A817E11FBC077600CE67B7 /* ViewController.swift */ = {isa = PBXFileReference; lastKnownFileType = sourcecode.swift; path = ViewController.swift; sourceTree = "<group>"; };
		16A817E41FBC077600CE67B7 /* Base */ = {isa = PBXFileReference; lastKnownFileType = file.storyboard; name = Base; path = Base.lproj/Main.storyboard; sourceTree = "<group>"; };
		16A817E61FBC077600CE67B7 /* Assets.xcassets */ = {isa = PBXFileReference; lastKnownFileType = folder.assetcatalog; path = Assets.xcassets; sourceTree = "<group>"; };
		16A817E91FBC077600CE67B7 /* Base */ = {isa = PBXFileReference; lastKnownFileType = file.storyboard; name = Base; path = Base.lproj/LaunchScreen.storyboard; sourceTree = "<group>"; };
		16A817EB1FBC077600CE67B7 /* Info.plist */ = {isa = PBXFileReference; lastKnownFileType = text.plist.xml; path = Info.plist; sourceTree = "<group>"; };
/* End PBXFileReference section */

/* Begin PBXFrameworksBuildPhase section */
		16A817D91FBC077600CE67B7 /* Frameworks */ = {
			isa = PBXFrameworksBuildPhase;
			buildActionMask = 2147483647;
			files = (
			);
			runOnlyForDeploymentPostprocessing = 0;
		};
/* End PBXFrameworksBuildPhase section */

/* Begin PBXGroup section */
		16A817D31FBC077600CE67B7 = {
			isa = PBXGroup;
			children = (
				16A817DE1FBC077600CE67B7 /* PanAnimationDemo */,
				16A817DD1FBC077600CE67B7 /* Products */,
			);
			sourceTree = "<group>";
		};
		16A817DD1FBC077600CE67B7 /* Products */ = {
			isa = PBXGroup;
			children = (
				16A817DC1FBC077600CE67B7 /* PanAnimationDemo.app */,
			);
			name = Products;
			sourceTree = "<group>";
		};
		16A817DE1FBC077600CE67B7 /* PanAnimationDemo */ = {
			isa = PBXGroup;
			children = (
				16A817DF1FBC077600CE67B7 /* AppDelegate.swift */,
				16A817E11FBC077600CE67B7 /* ViewController.swift */,
				16A817E31FBC077600CE67B7 /* Main.storyboard */,
				16A817E61FBC077600CE67B7 /* Assets.xcassets */,
				16A817E81FBC077600CE67B7 /* LaunchScreen.storyboard */,
				16A817EB1FBC077600CE67B7 /* Info.plist */,
			);
			path = PanAnimationDemo;
			sourceTree = "<group>";
		};
/* End PBXGroup section */

/* Begin PBXNativeTarget section */
		16A817DB1FBC077600CE67B7 /* PanAnimationDemo */ = {
			isa = PBXNativeTarget;
			buildConfigurationList = 16A817EE1FBC077600CE67B7 /* Build configuration list for PBXNativeTarget "PanAnimationDemo" */;
			buildPhases = (
				16A817D81FBC077600CE67B7 /* Sources */,
				16A817D91FBC077600CE67B7 /* Frameworks */,
				16A817DA1FBC077600CE67B7 /* Resources */,
			);
			buildRules = (
			);
			dependencies = (
			);
			name = PanAnimationDemo;
			productName = PanAnimationDemo;
			productReference = 16A817DC1FBC077600CE67B7 /* PanAnimationDemo.app */;
			productType = "com.apple.product-type.application";
		};
/* End PBXNativeTarget section */

/* Begin PBXProject section */
		16A817D41FBC077600CE67B7 /* Project object */ = {
			isa = PBXProject;
			attributes = {
				LastSwiftUpdateCheck = 0830;
				LastUpgradeCheck = 0830;
				ORGANIZATIONNAME = Abcplusd;
				TargetAttributes = {
					16A817DB1FBC077600CE67B7 = {
						CreatedOnToolsVersion = 8.3.2;
						ProvisioningStyle = Automatic;
					};
				};
			};
			buildConfigurationList = 16A817D71FBC077600CE67B7 /* Build configuration list for PBXProject "PanAnimationDemo" */;
			compatibilityVersion = "Xcode 3.2";
			developmentRegion = English;
			hasScannedForEncodings = 0;
			knownRegions = (
				en,
				Base,
			);
			mainGroup = 16A817D31FBC077600CE67B7;
			productRefGroup = 16A817DD1FBC077600CE67B7 /* Products */;
			projectDirPath = "";
			projectRoot = "";
			targets = (
				16A817DB1FBC077600CE67B7 /* PanAnimationDemo */,
			);
		};
/* End PBXProject section */

/* Begin PBXResourcesBuildPhase section */
		16A817DA1FBC077600CE67B7 /* Resources */ = {
			isa = PBXResourcesBuildPhase;
			buildActionMask = 2147483647;
			files = (
				16A817EA1FBC077600CE67B7 /* LaunchScreen.storyboard in Resources */,
				16A817E71FBC077600CE67B7 /* Assets.xcassets in Resources */,
				16A817E51FBC077600CE67B7 /* Main.storyboard in Resources */,
			);
			runOnlyForDeploymentPostprocessing = 0;
		};
/* End PBXResourcesBuildPhase section */

/* Begin PBXSourcesBuildPhase section */
		16A817D81FBC077600CE67B7 /* Sources */ = {
			isa = PBXSourcesBuildPhase;
			buildActionMask = 2147483647;
			files = (
				16A817E21FBC077600CE67B7 /* ViewController.swift in Sources */,
				16A817E01FBC077600CE67B7 /* AppDelegate.swift in Sources */,
			);
			runOnlyForDeploymentPostprocessing = 0;
		};
/* End PBXSourcesBuildPhase section */

/* Begin PBXVariantGroup section */
		16A817E31FBC077600CE67B7 /* Main.storyboard */ = {
			isa = PBXVariantGroup;
			children = (
				16A817E41FBC077600CE67B7 /* Base */,
			);
			name = Main.storyboard;
			sourceTree = "<group>";
		};
		16A817E81FBC077600CE67B7 /* LaunchScreen.storyboard */ = {
			isa = PBXVariantGroup;
			children = (
				16A817E91FBC077600CE67B7 /* Base */,
			);
			name = LaunchScreen.storyboard;
			sourceTree = "<group>";
		};
/* End PBXVariantGroup section */

/* Begin XCBuildConfiguration section */
		16A817EC1FBC077600CE67B7 /* Debug */ = {
			isa = XCBuildConfiguration;
			buildSettings = {
				ALWAYS_SEARCH_USER_PATHS = NO;
				CLANG_ANALYZER_NONNULL = YES;
				CLANG_ANALYZER_NUMBER_OBJECT_CONVERSION = YES_AGGRESSIVE;
				CLANG_CXX_LANGUAGE_STANDARD = "gnu++0x";
				CLANG_CXX_LIBRARY = "libc++";
				CLANG_ENABLE_MODULES = YES;
				CLANG_ENABLE_OBJC_ARC = YES;
				CLANG_WARN_BOOL_CONVERSION = YES;
				CLANG_WARN_CONSTANT_CONVERSION = YES;
				CLANG_WARN_DIRECT_OBJC_ISA_USAGE = YES_ERROR;
				CLANG_WARN_DOCUMENTATION_COMMENTS = YES;
				CLANG_WARN_EMPTY_BODY = YES;
				CLANG_WARN_ENUM_CONVERSION = YES;
				CLANG_WARN_INFINITE_RECURSION = YES;
				CLANG_WARN_INT_CONVERSION = YES;
				CLANG_WARN_OBJC_ROOT_CLASS = YES_ERROR;
				CLANG_WARN_SUSPICIOUS_MOVE = YES;
				CLANG_WARN_UNREACHABLE_CODE = YES;
				CLANG_WARN__DUPLICATE_METHOD_MATCH = YES;
				"CODE_SIGN_IDENTITY[sdk=iphoneos*]" = "iPhone Developer";
				COPY_PHASE_STRIP = NO;
				DEBUG_INFORMATION_FORMAT = dwarf;
				ENABLE_STRICT_OBJC_MSGSEND = YES;
				ENABLE_TESTABILITY = YES;
				GCC_C_LANGUAGE_STANDARD = gnu99;
				GCC_DYNAMIC_NO_PIC = NO;
				GCC_NO_COMMON_BLOCKS = YES;
				GCC_OPTIMIZATION_LEVEL = 0;
				GCC_PREPROCESSOR_DEFINITIONS = (
					"DEBUG=1",
					"$(inherited)",
				);
				GCC_WARN_64_TO_32_BIT_CONVERSION = YES;
				GCC_WARN_ABOUT_RETURN_TYPE = YES_ERROR;
				GCC_WARN_UNDECLARED_SELECTOR = YES;
				GCC_WARN_UNINITIALIZED_AUTOS = YES_AGGRESSIVE;
				GCC_WARN_UNUSED_FUNCTION = YES;
				GCC_WARN_UNUSED_VARIABLE = YES;
				IPHONEOS_DEPLOYMENT_TARGET = 10.3;
				MTL_ENABLE_DEBUG_INFO = YES;
				ONLY_ACTIVE_ARCH = YES;
				SDKROOT = iphoneos;
				SWIFT_ACTIVE_COMPILATION_CONDITIONS = DEBUG;
				SWIFT_OPTIMIZATION_LEVEL = "-Onone";
			};
			name = Debug;
		};
		16A817ED1FBC077600CE67B7 /* Release */ = {
			isa = XCBuildConfiguration;
			buildSettings = {
				ALWAYS_SEARCH_USER_PATHS = NO;
				CLANG_ANALYZER_NONNULL = YES;
				CLANG_ANALYZER_NUMBER_OBJECT_CONVERSION = YES_AGGRESSIVE;
				CLANG_CXX_LANGUAGE_STANDARD = "gnu++0x";
				CLANG_CXX_LIBRARY = "libc++";
				CLANG_ENABLE_MODULES = YES;
				CLANG_ENABLE_OBJC_ARC = YES;
				CLANG_WARN_BOOL_CONVERSION = YES;
				CLANG_WARN_CONSTANT_CONVERSION = YES;
				CLANG_WARN_DIRECT_OBJC_ISA_USAGE = YES_ERROR;
				CLANG_WARN_DOCUMENTATION_COMMENTS = YES;
				CLANG_WARN_EMPTY_BODY = YES;
				CLANG_WARN_ENUM_CONVERSION = YES;
				CLANG_WARN_INFINITE_RECURSION = YES;
				CLANG_WARN_INT_CONVERSION = YES;
				CLANG_WARN_OBJC_ROOT_CLASS = YES_ERROR;
				CLANG_WARN_SUSPICIOUS_MOVE = YES;
				CLANG_WARN_UNREACHABLE_CODE = YES;
				CLANG_WARN__DUPLICATE_METHOD_MATCH = YES;
				"CODE_SIGN_IDENTITY[sdk=iphoneos*]" = "iPhone Developer";
				COPY_PHASE_STRIP = NO;
				DEBUG_INFORMATION_FORMAT = "dwarf-with-dsym";
				ENABLE_NS_ASSERTIONS = NO;
				ENABLE_STRICT_OBJC_MSGSEND = YES;
				GCC_C_LANGUAGE_STANDARD = gnu99;
				GCC_NO_COMMON_BLOCKS = YES;
				GCC_WARN_64_TO_32_BIT_CONVERSION = YES;
				GCC_WARN_ABOUT_RETURN_TYPE = YES_ERROR;
				GCC_WARN_UNDECLARED_SELECTOR = YES;
				GCC_WARN_UNINITIALIZED_AUTOS = YES_AGGRESSIVE;
				GCC_WARN_UNUSED_FUNCTION = YES;
				GCC_WARN_UNUSED_VARIABLE = YES;
				IPHONEOS_DEPLOYMENT_TARGET = 10.3;
				MTL_ENABLE_DEBUG_INFO = NO;
				SDKROOT = iphoneos;
				SWIFT_OPTIMIZATION_LEVEL = "-Owholemodule";
				VALIDATE_PRODUCT = YES;
			};
			name = Release;
		};
		16A817EF1FBC077600CE67B7 /* Debug */ = {
			isa = XCBuildConfiguration;
			buildSettings = {
				ASSETCATALOG_COMPILER_APPICON_NAME = AppIcon;
				INFOPLIST_FILE = PanAnimationDemo/Info.plist;
				LD_RUNPATH_SEARCH_PATHS = "$(inherited) @executable_path/Frameworks";
				PRODUCT_BUNDLE_IDENTIFIER = abcplusd.PanAnimationDemo;
				PRODUCT_NAME = "$(TARGET_NAME)";
				SWIFT_VERSION = 3.0;
			};
			name = Debug;
		};
		16A817F01FBC077600CE67B7 /* Release */ = {
			isa = XCBuildConfiguration;
			buildSettings = {
				ASSETCATALOG_COMPILER_APPICON_NAME = AppIcon;
				INFOPLIST_FILE = PanAnimationDemo/Info.plist;
				LD_RUNPATH_SEARCH_PATHS = "$(inherited) @executable_path/Frameworks";
				PRODUCT_BUNDLE_IDENTIFIER = abcplusd.PanAnimationDemo;
				PRODUCT_NAME = "$(TARGET_NAME)";
				SWIFT_VERSION = 3.0;
			};
			name = Release;
		};
/* End XCBuildConfiguration section */

/* Begin XCConfigurationList section */
		16A817D71FBC077600CE67B7 /* Build configuration list for PBXProject "PanAnimationDemo" */ = {
			isa = XCConfigurationList;
			buildConfigurations = (
				16A817EC1FBC077600CE67B7 /* Debug */,
				16A817ED1FBC077600CE67B7 /* Release */,
			);
			defaultConfigurationIsVisible = 0;
			defaultConfigurationName = Release;
		};
		16A817EE1FBC077600CE67B7 /* Build configuration list for PBXNativeTarget "PanAnimationDemo" */ = {
			isa = XCConfigurationList;
			buildConfigurations = (
				16A817EF1FBC077600CE67B7 /* Debug */,
				16A817F01FBC077600CE67B7 /* Release */,
			);
			defaultConfigurationIsVisible = 0;
		};
/* End XCConfigurationList section */
	};
	rootObject = 16A817D41FBC077600CE67B7 /* Project object */;
}
